
Microsoft Visual Studio Solution File, Format Version 12.00
# Visual Studio 15
VisualStudioVersion = 15.0.27703.2018
MinimumVisualStudioVersion = 10.0.40219.1
Project("{FAE04EC0-301F-11D3-BF4B-00C04F79EFBC}") = "CustomListClass", "CustomListClass\CustomListClass.csproj", "{B0BE4746-4B0B-4CED-8E4D-492354CFB082}"
EndProject
Project("{FAE04EC0-301F-11D3-BF4B-00C04F79EFBC}") = "CustomListClassTest", "CustomListClassTest\CustomListClassTest.csproj", "{42041E20-0514-4642-B0A3-5E5D1C530669}"
EndProject
Global
	GlobalSection(SolutionConfigurationPlatforms) = preSolution
		Debug|Any CPU = Debug|Any CPU
		Release|Any CPU = Release|Any CPU
	EndGlobalSection
	GlobalSection(ProjectConfigurationPlatforms) = postSolution
		{B0BE4746-4B0B-4CED-8E4D-492354CFB082}.Debug|Any CPU.ActiveCfg = Debug|Any CPU
		{B0BE4746-4B0B-4CED-8E4D-492354CFB082}.Debug|Any CPU.Build.0 = Debug|Any CPU
		{B0BE4746-4B0B-4CED-8E4D-492354CFB082}.Release|Any CPU.ActiveCfg = Release|Any CPU
		{B0BE4746-4B0B-4CED-8E4D-492354CFB082}.Release|Any CPU.Build.0 = Release|Any CPU
		{42041E20-0514-4642-B0A3-5E5D1C530669}.Debug|Any CPU.ActiveCfg = Debug|Any CPU
		{42041E20-0514-4642-B0A3-5E5D1C530669}.Debug|Any CPU.Build.0 = Debug|Any CPU
		{42041E20-0514-4642-B0A3-5E5D1C530669}.Release|Any CPU.ActiveCfg = Release|Any CPU
		{42041E20-0514-4642-B0A3-5E5D1C530669}.Release|Any CPU.Build.0 = Release|Any CPU
	EndGlobalSection
	GlobalSection(SolutionProperties) = preSolution
		HideSolutionNode = FALSE
	EndGlobalSection
	GlobalSection(ExtensibilityGlobals) = postSolution
		SolutionGuid = {9B1AE5FA-8DB0-451F-AC6C-56F678C6EC10}
	EndGlobalSection
EndGlobal
